// !$*UTF8*$!
{
	archiveVersion = 1;
	classes = {
	};
	objectVersion = 50;
	objects = {

/* Begin PBXBuildFile section */
		28A689CE643B1968F5E709A6 /* Pods_DeepLink_demo.framework in Frameworks */ = {isa = PBXBuildFile; fileRef = 4E07FF306D2EB9CBE3D7905A /* Pods_DeepLink_demo.framework */; };
		F3D6669E211D8E3700B642AB /* AppDelegate.swift in Sources */ = {isa = PBXBuildFile; fileRef = F3D6669D211D8E3700B642AB /* AppDelegate.swift */; };
		F3D666A0211D8E3700B642AB /* ViewController.swift in Sources */ = {isa = PBXBuildFile; fileRef = F3D6669F211D8E3700B642AB /* ViewController.swift */; };
		F3D666A3211D8E3700B642AB /* Main.storyboard in Resources */ = {isa = PBXBuildFile; fileRef = F3D666A1211D8E3700B642AB /* Main.storyboard */; };
		F3D666A5211D8E3F00B642AB /* Assets.xcassets in Resources */ = {isa = PBXBuildFile; fileRef = F3D666A4211D8E3F00B642AB /* Assets.xcassets */; };
		F3D666A8211D8E3F00B642AB /* LaunchScreen.storyboard in Resources */ = {isa = PBXBuildFile; fileRef = F3D666A6211D8E3F00B642AB /* LaunchScreen.storyboard */; };
		F3D666B0211D9D2500B642AB /* DeepLinkManager.swift in Sources */ = {isa = PBXBuildFile; fileRef = F3D666AF211D9D2500B642AB /* DeepLinkManager.swift */; };
		F3D666B2211D9F8D00B642AB /* DeeplinkNavigator.swift in Sources */ = {isa = PBXBuildFile; fileRef = F3D666B1211D9F8D00B642AB /* DeeplinkNavigator.swift */; };
		F3D666B4211DA12400B642AB /* ShortcutParser.swift in Sources */ = {isa = PBXBuildFile; fileRef = F3D666B3211DA12400B642AB /* ShortcutParser.swift */; };
		F3D666B6211DA29700B642AB /* DeeplinkParser.swift in Sources */ = {isa = PBXBuildFile; fileRef = F3D666B5211DA29700B642AB /* DeeplinkParser.swift */; };
		F3D666B8211DA2D400B642AB /* NotificationParser.swift in Sources */ = {isa = PBXBuildFile; fileRef = F3D666B7211DA2D400B642AB /* NotificationParser.swift */; };
/* End PBXBuildFile section */

/* Begin PBXFileReference section */
		3E981BCD822FACF348A36590 /* Pods-DeepLink-demo.debug.xcconfig */ = {isa = PBXFileReference; includeInIndex = 1; lastKnownFileType = text.xcconfig; name = "Pods-DeepLink-demo.debug.xcconfig"; path = "Pods/Target Support Files/Pods-DeepLink-demo/Pods-DeepLink-demo.debug.xcconfig"; sourceTree = "<group>"; };
		4E07FF306D2EB9CBE3D7905A /* Pods_DeepLink_demo.framework */ = {isa = PBXFileReference; explicitFileType = wrapper.framework; includeInIndex = 0; path = Pods_DeepLink_demo.framework; sourceTree = BUILT_PRODUCTS_DIR; };
		F3D6669A211D8E3700B642AB /* DeepLink-demo.app */ = {isa = PBXFileReference; explicitFileType = wrapper.application; includeInIndex = 0; path = "DeepLink-demo.app"; sourceTree = BUILT_PRODUCTS_DIR; };
		F3D6669D211D8E3700B642AB /* AppDelegate.swift */ = {isa = PBXFileReference; lastKnownFileType = sourcecode.swift; path = AppDelegate.swift; sourceTree = "<group>"; };
		F3D6669F211D8E3700B642AB /* ViewController.swift */ = {isa = PBXFileReference; lastKnownFileType = sourcecode.swift; path = ViewController.swift; sourceTree = "<group>"; };
		F3D666A2211D8E3700B642AB /* Base */ = {isa = PBXFileReference; lastKnownFileType = file.storyboard; name = Base; path = Base.lproj/Main.storyboard; sourceTree = "<group>"; };
		F3D666A4211D8E3F00B642AB /* Assets.xcassets */ = {isa = PBXFileReference; lastKnownFileType = folder.assetcatalog; path = Assets.xcassets; sourceTree = "<group>"; };
		F3D666A7211D8E3F00B642AB /* Base */ = {isa = PBXFileReference; lastKnownFileType = file.storyboard; name = Base; path = Base.lproj/LaunchScreen.storyboard; sourceTree = "<group>"; };
		F3D666A9211D8E3F00B642AB /* Info.plist */ = {isa = PBXFileReference; lastKnownFileType = text.plist.xml; path = Info.plist; sourceTree = "<group>"; };
		F3D666AF211D9D2500B642AB /* DeepLinkManager.swift */ = {isa = PBXFileReference; lastKnownFileType = sourcecode.swift; path = DeepLinkManager.swift; sourceTree = "<group>"; };
		F3D666B1211D9F8D00B642AB /* DeeplinkNavigator.swift */ = {isa = PBXFileReference; lastKnownFileType = sourcecode.swift; path = DeeplinkNavigator.swift; sourceTree = "<group>"; };
		F3D666B3211DA12400B642AB /* ShortcutParser.swift */ = {isa = PBXFileReference; lastKnownFileType = sourcecode.swift; path = ShortcutParser.swift; sourceTree = "<group>"; };
		F3D666B5211DA29700B642AB /* DeeplinkParser.swift */ = {isa = PBXFileReference; lastKnownFileType = sourcecode.swift; path = DeeplinkParser.swift; sourceTree = "<group>"; };
		F3D666B7211DA2D400B642AB /* NotificationParser.swift */ = {isa = PBXFileReference; lastKnownFileType = sourcecode.swift; path = NotificationParser.swift; sourceTree = "<group>"; };
		F3D666B9211DA75700B642AB /* DeepLink-demo.entitlements */ = {isa = PBXFileReference; lastKnownFileType = text.plist.entitlements; path = "DeepLink-demo.entitlements"; sourceTree = "<group>"; };
		FB6285CE0F075FDD789A0583 /* Pods-DeepLink-demo.release.xcconfig */ = {isa = PBXFileReference; includeInIndex = 1; lastKnownFileType = text.xcconfig; name = "Pods-DeepLink-demo.release.xcconfig"; path = "Pods/Target Support Files/Pods-DeepLink-demo/Pods-DeepLink-demo.release.xcconfig"; sourceTree = "<group>"; };
/* End PBXFileReference section */

/* Begin PBXFrameworksBuildPhase section */
		F3D66697211D8E3700B642AB /* Frameworks */ = {
			isa = PBXFrameworksBuildPhase;
			buildActionMask = 2147483647;
			files = (
				28A689CE643B1968F5E709A6 /* Pods_DeepLink_demo.framework in Frameworks */,
			);
			runOnlyForDeploymentPostprocessing = 0;
		};
/* End PBXFrameworksBuildPhase section */

/* Begin PBXGroup section */
		00364FEE9D54D5A7FA02B230 /* Frameworks */ = {
			isa = PBXGroup;
			children = (
				4E07FF306D2EB9CBE3D7905A /* Pods_DeepLink_demo.framework */,
			);
			name = Frameworks;
			sourceTree = "<group>";
		};
		93B9A86BACF044D223A73BA7 /* Pods */ = {
			isa = PBXGroup;
			children = (
				3E981BCD822FACF348A36590 /* Pods-DeepLink-demo.debug.xcconfig */,
				FB6285CE0F075FDD789A0583 /* Pods-DeepLink-demo.release.xcconfig */,
			);
			name = Pods;
			sourceTree = "<group>";
		};
		F3D66691211D8E3700B642AB = {
			isa = PBXGroup;
			children = (
				F3D6669C211D8E3700B642AB /* DeepLink-demo */,
				F3D6669B211D8E3700B642AB /* Products */,
				93B9A86BACF044D223A73BA7 /* Pods */,
				00364FEE9D54D5A7FA02B230 /* Frameworks */,
			);
			sourceTree = "<group>";
		};
		F3D6669B211D8E3700B642AB /* Products */ = {
			isa = PBXGroup;
			children = (
				F3D6669A211D8E3700B642AB /* DeepLink-demo.app */,
			);
			name = Products;
			sourceTree = "<group>";
		};
		F3D6669C211D8E3700B642AB /* DeepLink-demo */ = {
			isa = PBXGroup;
			children = (
				F3D666B9211DA75700B642AB /* DeepLink-demo.entitlements */,
				F3D6669D211D8E3700B642AB /* AppDelegate.swift */,
				F3D6669F211D8E3700B642AB /* ViewController.swift */,
				F3D666AF211D9D2500B642AB /* DeepLinkManager.swift */,
				F3D666B1211D9F8D00B642AB /* DeeplinkNavigator.swift */,
				F3D666B5211DA29700B642AB /* DeeplinkParser.swift */,
				F3D666B7211DA2D400B642AB /* NotificationParser.swift */,
				F3D666B3211DA12400B642AB /* ShortcutParser.swift */,
				F3D666A1211D8E3700B642AB /* Main.storyboard */,
				F3D666A4211D8E3F00B642AB /* Assets.xcassets */,
				F3D666A6211D8E3F00B642AB /* LaunchScreen.storyboard */,
				F3D666A9211D8E3F00B642AB /* Info.plist */,
			);
			path = "DeepLink-demo";
			sourceTree = "<group>";
		};
/* End PBXGroup section */

/* Begin PBXNativeTarget section */
		F3D66699211D8E3700B642AB /* DeepLink-demo */ = {
			isa = PBXNativeTarget;
			buildConfigurationList = F3D666AC211D8E3F00B642AB /* Build configuration list for PBXNativeTarget "DeepLink-demo" */;
			buildPhases = (
				49CA58082532C78919DF5978 /* [CP] Check Pods Manifest.lock */,
				F3D66696211D8E3700B642AB /* Sources */,
				F3D66697211D8E3700B642AB /* Frameworks */,
				F3D66698211D8E3700B642AB /* Resources */,
				B6DB08C20FF5A92964242C6E /* [CP] Embed Pods Frameworks */,
			);
			buildRules = (
			);
			dependencies = (
			);
			name = "DeepLink-demo";
			productName = "DeepLink-demo";
			productReference = F3D6669A211D8E3700B642AB /* DeepLink-demo.app */;
			productType = "com.apple.product-type.application";
		};
/* End PBXNativeTarget section */

/* Begin PBXProject section */
		F3D66692211D8E3700B642AB /* Project object */ = {
			isa = PBXProject;
			attributes = {
				LastSwiftUpdateCheck = 0940;
				LastUpgradeCheck = 0940;
				ORGANIZATIONNAME = Netbiz.in;
				TargetAttributes = {
					F3D66699211D8E3700B642AB = {
						CreatedOnToolsVersion = 9.4.1;
						SystemCapabilities = {
							com.apple.Push = {
								enabled = 1;
							};
						};
					};
				};
			};
			buildConfigurationList = F3D66695211D8E3700B642AB /* Build configuration list for PBXProject "DeepLink-demo" */;
			compatibilityVersion = "Xcode 9.3";
			developmentRegion = en;
			hasScannedForEncodings = 0;
			knownRegions = (
				en,
				Base,
			);
			mainGroup = F3D66691211D8E3700B642AB;
			productRefGroup = F3D6669B211D8E3700B642AB /* Products */;
			projectDirPath = "";
			projectRoot = "";
			targets = (
				F3D66699211D8E3700B642AB /* DeepLink-demo */,
			);
		};
/* End PBXProject section */

/* Begin PBXResourcesBuildPhase section */
		F3D66698211D8E3700B642AB /* Resources */ = {
			isa = PBXResourcesBuildPhase;
			buildActionMask = 2147483647;
			files = (
				F3D666A8211D8E3F00B642AB /* LaunchScreen.storyboard in Resources */,
				F3D666A5211D8E3F00B642AB /* Assets.xcassets in Resources */,
				F3D666A3211D8E3700B642AB /* Main.storyboard in Resources */,
			);
			runOnlyForDeploymentPostprocessing = 0;
		};
/* End PBXResourcesBuildPhase section */

/* Begin PBXShellScriptBuildPhase section */
		49CA58082532C78919DF5978 /* [CP] Check Pods Manifest.lock */ = {
			isa = PBXShellScriptBuildPhase;
			buildActionMask = 2147483647;
			files = (
			);
			inputPaths = (
				"${PODS_PODFILE_DIR_PATH}/Podfile.lock",
				"${PODS_ROOT}/Manifest.lock",
			);
			name = "[CP] Check Pods Manifest.lock";
			outputPaths = (
				"$(DERIVED_FILE_DIR)/Pods-DeepLink-demo-checkManifestLockResult.txt",
			);
			runOnlyForDeploymentPostprocessing = 0;
			shellPath = /bin/sh;
			shellScript = "diff \"${PODS_PODFILE_DIR_PATH}/Podfile.lock\" \"${PODS_ROOT}/Manifest.lock\" > /dev/null\nif [ $? != 0 ] ; then\n    # print error to STDERR\n    echo \"error: The sandbox is not in sync with the Podfile.lock. Run 'pod install' or update your CocoaPods installation.\" >&2\n    exit 1\nfi\n# This output is used by Xcode 'outputs' to avoid re-running this script phase.\necho \"SUCCESS\" > \"${SCRIPT_OUTPUT_FILE_0}\"\n";
			showEnvVarsInLog = 0;
		};
		B6DB08C20FF5A92964242C6E /* [CP] Embed Pods Frameworks */ = {
			isa = PBXShellScriptBuildPhase;
			buildActionMask = 2147483647;
			files = (
			);
			inputPaths = (
				"${SRCROOT}/Pods/Target Support Files/Pods-DeepLink-demo/Pods-DeepLink-demo-frameworks.sh",
				"${BUILT_PRODUCTS_DIR}/CryptoSwift/CryptoSwift.framework",
				"${BUILT_PRODUCTS_DIR}/PusherSwift/PusherSwift.framework",
				"${BUILT_PRODUCTS_DIR}/ReachabilitySwift/Reachability.framework",
				"${BUILT_PRODUCTS_DIR}/Starscream/Starscream.framework",
				"${BUILT_PRODUCTS_DIR}/TaskQueue/TaskQueue.framework",
			);
			name = "[CP] Embed Pods Frameworks";
			outputPaths = (
				"${TARGET_BUILD_DIR}/${FRAMEWORKS_FOLDER_PATH}/CryptoSwift.framework",
				"${TARGET_BUILD_DIR}/${FRAMEWORKS_FOLDER_PATH}/PusherSwift.framework",
				"${TARGET_BUILD_DIR}/${FRAMEWORKS_FOLDER_PATH}/Reachability.framework",
				"${TARGET_BUILD_DIR}/${FRAMEWORKS_FOLDER_PATH}/Starscream.framework",
				"${TARGET_BUILD_DIR}/${FRAMEWORKS_FOLDER_PATH}/TaskQueue.framework",
			);
			runOnlyForDeploymentPostprocessing = 0;
			shellPath = /bin/sh;
			shellScript = "\"${SRCROOT}/Pods/Target Support Files/Pods-DeepLink-demo/Pods-DeepLink-demo-frameworks.sh\"\n";
			showEnvVarsInLog = 0;
		};
/* End PBXShellScriptBuildPhase section */

/* Begin PBXSourcesBuildPhase section */
		F3D66696211D8E3700B642AB /* Sources */ = {
			isa = PBXSourcesBuildPhase;
			buildActionMask = 2147483647;
			files = (
				F3D666B8211DA2D400B642AB /* NotificationParser.swift in Sources */,
				F3D666A0211D8E3700B642AB /* ViewController.swift in Sources */,
				F3D666B4211DA12400B642AB /* ShortcutParser.swift in Sources */,
				F3D666B6211DA29700B642AB /* DeeplinkParser.swift in Sources */,
				F3D666B2211D9F8D00B642AB /* DeeplinkNavigator.swift in Sources */,
				F3D6669E211D8E3700B642AB /* AppDelegate.swift in Sources */,
				F3D666B0211D9D2500B642AB /* DeepLinkManager.swift in Sources */,
			);
			runOnlyForDeploymentPostprocessing = 0;
		};
/* End PBXSourcesBuildPhase section */

/* Begin PBXVariantGroup section */
		F3D666A1211D8E3700B642AB /* Main.storyboard */ = {
			isa = PBXVariantGroup;
			children = (
				F3D666A2211D8E3700B642AB /* Base */,
			);
			name = Main.storyboard;
			sourceTree = "<group>";
		};
		F3D666A6211D8E3F00B642AB /* LaunchScreen.storyboard */ = {
			isa = PBXVariantGroup;
			children = (
				F3D666A7211D8E3F00B642AB /* Base */,
			);
			name = LaunchScreen.storyboard;
			sourceTree = "<group>";
		};
/* End PBXVariantGroup section */

/* Begin XCBuildConfiguration section */
		F3D666AA211D8E3F00B642AB /* Debug */ = {
			isa = XCBuildConfiguration;
			buildSettings = {
				ALWAYS_SEARCH_USER_PATHS = NO;
				CLANG_ANALYZER_NONNULL = YES;
				CLANG_ANALYZER_NUMBER_OBJECT_CONVERSION = YES_AGGRESSIVE;
				CLANG_CXX_LANGUAGE_STANDARD = "gnu++14";
				CLANG_CXX_LIBRARY = "libc++";
				CLANG_ENABLE_MODULES = YES;
				CLANG_ENABLE_OBJC_ARC = YES;
				CLANG_ENABLE_OBJC_WEAK = YES;
				CLANG_WARN_BLOCK_CAPTURE_AUTORELEASING = YES;
				CLANG_WARN_BOOL_CONVERSION = YES;
				CLANG_WARN_COMMA = YES;
				CLANG_WARN_CONSTANT_CONVERSION = YES;
				CLANG_WARN_DEPRECATED_OBJC_IMPLEMENTATIONS = YES;
				CLANG_WARN_DIRECT_OBJC_ISA_USAGE = YES_ERROR;
				CLANG_WARN_DOCUMENTATION_COMMENTS = YES;
				CLANG_WARN_EMPTY_BODY = YES;
				CLANG_WARN_ENUM_CONVERSION = YES;
				CLANG_WARN_INFINITE_RECURSION = YES;
				CLANG_WARN_INT_CONVERSION = YES;
				CLANG_WARN_NON_LITERAL_NULL_CONVERSION = YES;
				CLANG_WARN_OBJC_IMPLICIT_RETAIN_SELF = YES;
				CLANG_WARN_OBJC_LITERAL_CONVERSION = YES;
				CLANG_WARN_OBJC_ROOT_CLASS = YES_ERROR;
				CLANG_WARN_RANGE_LOOP_ANALYSIS = YES;
				CLANG_WARN_STRICT_PROTOTYPES = YES;
				CLANG_WARN_SUSPICIOUS_MOVE = YES;
				CLANG_WARN_UNGUARDED_AVAILABILITY = YES_AGGRESSIVE;
				CLANG_WARN_UNREACHABLE_CODE = YES;
				CLANG_WARN__DUPLICATE_METHOD_MATCH = YES;
				CODE_SIGN_IDENTITY = "iPhone Developer";
				COPY_PHASE_STRIP = NO;
				DEBUG_INFORMATION_FORMAT = dwarf;
				ENABLE_STRICT_OBJC_MSGSEND = YES;
				ENABLE_TESTABILITY = YES;
				GCC_C_LANGUAGE_STANDARD = gnu11;
				GCC_DYNAMIC_NO_PIC = NO;
				GCC_NO_COMMON_BLOCKS = YES;
				GCC_OPTIMIZATION_LEVEL = 0;
				GCC_PREPROCESSOR_DEFINITIONS = (
					"DEBUG=1",
					"$(inherited)",
				);
				GCC_WARN_64_TO_32_BIT_CONVERSION = YES;
				GCC_WARN_ABOUT_RETURN_TYPE = YES_ERROR;
				GCC_WARN_UNDECLARED_SELECTOR = YES;
				GCC_WARN_UNINITIALIZED_AUTOS = YES_AGGRESSIVE;
				GCC_WARN_UNUSED_FUNCTION = YES;
				GCC_WARN_UNUSED_VARIABLE = YES;
				IPHONEOS_DEPLOYMENT_TARGET = 10.0;
				MTL_ENABLE_DEBUG_INFO = YES;
				ONLY_ACTIVE_ARCH = YES;
				SDKROOT = iphoneos;
				SWIFT_ACTIVE_COMPILATION_CONDITIONS = DEBUG;
				SWIFT_OPTIMIZATION_LEVEL = "-Onone";
			};
			name = Debug;
		};
		F3D666AB211D8E3F00B642AB /* Release */ = {
			isa = XCBuildConfiguration;
			buildSettings = {
				ALWAYS_SEARCH_USER_PATHS = NO;
				CLANG_ANALYZER_NONNULL = YES;
				CLANG_ANALYZER_NUMBER_OBJECT_CONVERSION = YES_AGGRESSIVE;
				CLANG_CXX_LANGUAGE_STANDARD = "gnu++14";
				CLANG_CXX_LIBRARY = "libc++";
				CLANG_ENABLE_MODULES = YES;
				CLANG_ENABLE_OBJC_ARC = YES;
				CLANG_ENABLE_OBJC_WEAK = YES;
				CLANG_WARN_BLOCK_CAPTURE_AUTORELEASING = YES;
				CLANG_WARN_BOOL_CONVERSION = YES;
				CLANG_WARN_COMMA = YES;
				CLANG_WARN_CONSTANT_CONVERSION = YES;
				CLANG_WARN_DEPRECATED_OBJC_IMPLEMENTATIONS = YES;
				CLANG_WARN_DIRECT_OBJC_ISA_USAGE = YES_ERROR;
				CLANG_WARN_DOCUMENTATION_COMMENTS = YES;
				CLANG_WARN_EMPTY_BODY = YES;
				CLANG_WARN_ENUM_CONVERSION = YES;
				CLANG_WARN_INFINITE_RECURSION = YES;
				CLANG_WARN_INT_CONVERSION = YES;
				CLANG_WARN_NON_LITERAL_NULL_CONVERSION = YES;
				CLANG_WARN_OBJC_IMPLICIT_RETAIN_SELF = YES;
				CLANG_WARN_OBJC_LITERAL_CONVERSION = YES;
				CLANG_WARN_OBJC_ROOT_CLASS = YES_ERROR;
				CLANG_WARN_RANGE_LOOP_ANALYSIS = YES;
				CLANG_WARN_STRICT_PROTOTYPES = YES;
				CLANG_WARN_SUSPICIOUS_MOVE = YES;
				CLANG_WARN_UNGUARDED_AVAILABILITY = YES_AGGRESSIVE;
				CLANG_WARN_UNREACHABLE_CODE = YES;
				CLANG_WARN__DUPLICATE_METHOD_MATCH = YES;
				CODE_SIGN_IDENTITY = "iPhone Developer";
				COPY_PHASE_STRIP = NO;
				DEBUG_INFORMATION_FORMAT = "dwarf-with-dsym";
				ENABLE_NS_ASSERTIONS = NO;
				ENABLE_STRICT_OBJC_MSGSEND = YES;
				GCC_C_LANGUAGE_STANDARD = gnu11;
				GCC_NO_COMMON_BLOCKS = YES;
				GCC_WARN_64_TO_32_BIT_CONVERSION = YES;
				GCC_WARN_ABOUT_RETURN_TYPE = YES_ERROR;
				GCC_WARN_UNDECLARED_SELECTOR = YES;
				GCC_WARN_UNINITIALIZED_AUTOS = YES_AGGRESSIVE;
				GCC_WARN_UNUSED_FUNCTION = YES;
				GCC_WARN_UNUSED_VARIABLE = YES;
				IPHONEOS_DEPLOYMENT_TARGET = 10.0;
				MTL_ENABLE_DEBUG_INFO = NO;
				SDKROOT = iphoneos;
				SWIFT_COMPILATION_MODE = wholemodule;
				SWIFT_OPTIMIZATION_LEVEL = "-O";
				VALIDATE_PRODUCT = YES;
			};
			name = Release;
		};
		F3D666AD211D8E3F00B642AB /* Debug */ = {
			isa = XCBuildConfiguration;
			baseConfigurationReference = 3E981BCD822FACF348A36590 /* Pods-DeepLink-demo.debug.xcconfig */;
			buildSettings = {
				ASSETCATALOG_COMPILER_APPICON_NAME = AppIcon;
				CODE_SIGN_ENTITLEMENTS = "DeepLink-demo/DeepLink-demo.entitlements";
				CODE_SIGN_STYLE = Automatic;
				DEVELOPMENT_TEAM = QK5Z88ACCR;
				INFOPLIST_FILE = "DeepLink-demo/Info.plist";
				LD_RUNPATH_SEARCH_PATHS = (
					"$(inherited)",
					"@executable_path/Frameworks",
				);
				PRODUCT_BUNDLE_IDENTIFIER = "in.NetBiz.DeepLink-demo";
				PRODUCT_NAME = "$(TARGET_NAME)";
				SWIFT_VERSION = 4.0;
				TARGETED_DEVICE_FAMILY = "1,2";
			};
			name = Debug;
		};
		F3D666AE211D8E3F00B642AB /* Release */ = {
			isa = XCBuildConfiguration;
			baseConfigurationReference = FB6285CE0F075FDD789A0583 /* Pods-DeepLink-demo.release.xcconfig */;
			buildSettings = {
				ASSETCATALOG_COMPILER_APPICON_NAME = AppIcon;
				CODE_SIGN_ENTITLEMENTS = "DeepLink-demo/DeepLink-demo.entitlements";
				CODE_SIGN_STYLE = Automatic;
				DEVELOPMENT_TEAM = QK5Z88ACCR;
				INFOPLIST_FILE = "DeepLink-demo/Info.plist";
				LD_RUNPATH_SEARCH_PATHS = (
					"$(inherited)",
					"@executable_path/Frameworks",
				);
				PRODUCT_BUNDLE_IDENTIFIER = "in.NetBiz.DeepLink-demo";
				PRODUCT_NAME = "$(TARGET_NAME)";
				SWIFT_VERSION = 4.0;
				TARGETED_DEVICE_FAMILY = "1,2";
			};
			name = Release;
		};
/* End XCBuildConfiguration section */

/* Begin XCConfigurationList section */
		F3D66695211D8E3700B642AB /* Build configuration list for PBXProject "DeepLink-demo" */ = {
			isa = XCConfigurationList;
			buildConfigurations = (
				F3D666AA211D8E3F00B642AB /* Debug */,
				F3D666AB211D8E3F00B642AB /* Release */,
			);
			defaultConfigurationIsVisible = 0;
			defaultConfigurationName = Release;
		};
		F3D666AC211D8E3F00B642AB /* Build configuration list for PBXNativeTarget "DeepLink-demo" */ = {
			isa = XCConfigurationList;
			buildConfigurations = (
				F3D666AD211D8E3F00B642AB /* Debug */,
				F3D666AE211D8E3F00B642AB /* Release */,
			);
			defaultConfigurationIsVisible = 0;
			defaultConfigurationName = Release;
		};
/* End XCConfigurationList section */
	};
	rootObject = F3D66692211D8E3700B642AB /* Project object */;
}
